// !$*UTF8*$!
{
	archiveVersion = 1;
	classes = {
	};
	objectVersion = 46;
	objects = {

/* Begin PBXBuildFile section */
		B198FA591F6662630076EF4E /* AppDelegate.swift in Sources */ = {isa = PBXBuildFile; fileRef = B198FA581F6662630076EF4E /* AppDelegate.swift */; };
		B198FA5B1F6662630076EF4E /* ViewController.swift in Sources */ = {isa = PBXBuildFile; fileRef = B198FA5A1F6662630076EF4E /* ViewController.swift */; };
		B198FA5E1F6662630076EF4E /* Main.storyboard in Resources */ = {isa = PBXBuildFile; fileRef = B198FA5C1F6662630076EF4E /* Main.storyboard */; };
		B198FA601F6662630076EF4E /* Assets.xcassets in Resources */ = {isa = PBXBuildFile; fileRef = B198FA5F1F6662630076EF4E /* Assets.xcassets */; };
		B198FA631F6662630076EF4E /* LaunchScreen.storyboard in Resources */ = {isa = PBXBuildFile; fileRef = B198FA611F6662630076EF4E /* LaunchScreen.storyboard */; };
		B198FA6E1F6662640076EF4E /* FinalPizzaTests.swift in Sources */ = {isa = PBXBuildFile; fileRef = B198FA6D1F6662640076EF4E /* FinalPizzaTests.swift */; };
		B198FA791F6662640076EF4E /* FinalPizzaUITests.swift in Sources */ = {isa = PBXBuildFile; fileRef = B198FA781F6662640076EF4E /* FinalPizzaUITests.swift */; };
		B198FA871F6662FC0076EF4E /* SecondViewController.swift in Sources */ = {isa = PBXBuildFile; fileRef = B198FA861F6662FC0076EF4E /* SecondViewController.swift */; };
		B198FA8B1F66653B0076EF4E /* ThirdViewController.swift in Sources */ = {isa = PBXBuildFile; fileRef = B198FA8A1F66653B0076EF4E /* ThirdViewController.swift */; };
		B198FA8D1F6672200076EF4E /* FourthViewController.swift in Sources */ = {isa = PBXBuildFile; fileRef = B198FA8C1F6672200076EF4E /* FourthViewController.swift */; };
		B198FA8F1F6674A00076EF4E /* FifthViewController.swift in Sources */ = {isa = PBXBuildFile; fileRef = B198FA8E1F6674A00076EF4E /* FifthViewController.swift */; };
		B198FA911F6677A40076EF4E /* SixthViewController.swift in Sources */ = {isa = PBXBuildFile; fileRef = B198FA901F6677A40076EF4E /* SixthViewController.swift */; };
		B198FA931F66826A0076EF4E /* SeventhViewController.swift in Sources */ = {isa = PBXBuildFile; fileRef = B198FA921F66826A0076EF4E /* SeventhViewController.swift */; };
/* End PBXBuildFile section */

/* Begin PBXContainerItemProxy section */
		B198FA6A1F6662640076EF4E /* PBXContainerItemProxy */ = {
			isa = PBXContainerItemProxy;
			containerPortal = B198FA4D1F6662630076EF4E /* Project object */;
			proxyType = 1;
			remoteGlobalIDString = B198FA541F6662630076EF4E;
			remoteInfo = FinalPizza;
		};
		B198FA751F6662640076EF4E /* PBXContainerItemProxy */ = {
			isa = PBXContainerItemProxy;
			containerPortal = B198FA4D1F6662630076EF4E /* Project object */;
			proxyType = 1;
			remoteGlobalIDString = B198FA541F6662630076EF4E;
			remoteInfo = FinalPizza;
		};
/* End PBXContainerItemProxy section */

/* Begin PBXFileReference section */
		B198FA551F6662630076EF4E /* FinalPizza.app */ = {isa = PBXFileReference; explicitFileType = wrapper.application; includeInIndex = 0; path = FinalPizza.app; sourceTree = BUILT_PRODUCTS_DIR; };
		B198FA581F6662630076EF4E /* AppDelegate.swift */ = {isa = PBXFileReference; lastKnownFileType = sourcecode.swift; path = AppDelegate.swift; sourceTree = "<group>"; };
		B198FA5A1F6662630076EF4E /* ViewController.swift */ = {isa = PBXFileReference; lastKnownFileType = sourcecode.swift; path = ViewController.swift; sourceTree = "<group>"; };
		B198FA5D1F6662630076EF4E /* Base */ = {isa = PBXFileReference; lastKnownFileType = file.storyboard; name = Base; path = Base.lproj/Main.storyboard; sourceTree = "<group>"; };
		B198FA5F1F6662630076EF4E /* Assets.xcassets */ = {isa = PBXFileReference; lastKnownFileType = folder.assetcatalog; path = Assets.xcassets; sourceTree = "<group>"; };
		B198FA621F6662630076EF4E /* Base */ = {isa = PBXFileReference; lastKnownFileType = file.storyboard; name = Base; path = Base.lproj/LaunchScreen.storyboard; sourceTree = "<group>"; };
		B198FA641F6662630076EF4E /* Info.plist */ = {isa = PBXFileReference; lastKnownFileType = text.plist.xml; path = Info.plist; sourceTree = "<group>"; };
		B198FA691F6662640076EF4E /* FinalPizzaTests.xctest */ = {isa = PBXFileReference; explicitFileType = wrapper.cfbundle; includeInIndex = 0; path = FinalPizzaTests.xctest; sourceTree = BUILT_PRODUCTS_DIR; };
		B198FA6D1F6662640076EF4E /* FinalPizzaTests.swift */ = {isa = PBXFileReference; lastKnownFileType = sourcecode.swift; path = FinalPizzaTests.swift; sourceTree = "<group>"; };
		B198FA6F1F6662640076EF4E /* Info.plist */ = {isa = PBXFileReference; lastKnownFileType = text.plist.xml; path = Info.plist; sourceTree = "<group>"; };
		B198FA741F6662640076EF4E /* FinalPizzaUITests.xctest */ = {isa = PBXFileReference; explicitFileType = wrapper.cfbundle; includeInIndex = 0; path = FinalPizzaUITests.xctest; sourceTree = BUILT_PRODUCTS_DIR; };
		B198FA781F6662640076EF4E /* FinalPizzaUITests.swift */ = {isa = PBXFileReference; lastKnownFileType = sourcecode.swift; path = FinalPizzaUITests.swift; sourceTree = "<group>"; };
		B198FA7A1F6662640076EF4E /* Info.plist */ = {isa = PBXFileReference; lastKnownFileType = text.plist.xml; path = Info.plist; sourceTree = "<group>"; };
		B198FA861F6662FC0076EF4E /* SecondViewController.swift */ = {isa = PBXFileReference; fileEncoding = 4; lastKnownFileType = sourcecode.swift; path = SecondViewController.swift; sourceTree = "<group>"; };
		B198FA8A1F66653B0076EF4E /* ThirdViewController.swift */ = {isa = PBXFileReference; fileEncoding = 4; lastKnownFileType = sourcecode.swift; path = ThirdViewController.swift; sourceTree = "<group>"; };
		B198FA8C1F6672200076EF4E /* FourthViewController.swift */ = {isa = PBXFileReference; fileEncoding = 4; lastKnownFileType = sourcecode.swift; path = FourthViewController.swift; sourceTree = "<group>"; };
		B198FA8E1F6674A00076EF4E /* FifthViewController.swift */ = {isa = PBXFileReference; fileEncoding = 4; lastKnownFileType = sourcecode.swift; path = FifthViewController.swift; sourceTree = "<group>"; };
		B198FA901F6677A40076EF4E /* SixthViewController.swift */ = {isa = PBXFileReference; fileEncoding = 4; lastKnownFileType = sourcecode.swift; path = SixthViewController.swift; sourceTree = "<group>"; };
		B198FA921F66826A0076EF4E /* SeventhViewController.swift */ = {isa = PBXFileReference; fileEncoding = 4; lastKnownFileType = sourcecode.swift; path = SeventhViewController.swift; sourceTree = "<group>"; };
/* End PBXFileReference section */

/* Begin PBXFrameworksBuildPhase section */
		B198FA521F6662630076EF4E /* Frameworks */ = {
			isa = PBXFrameworksBuildPhase;
			buildActionMask = 2147483647;
			files = (
			);
			runOnlyForDeploymentPostprocessing = 0;
		};
		B198FA661F6662640076EF4E /* Frameworks */ = {
			isa = PBXFrameworksBuildPhase;
			buildActionMask = 2147483647;
			files = (
			);
			runOnlyForDeploymentPostprocessing = 0;
		};
		B198FA711F6662640076EF4E /* Frameworks */ = {
			isa = PBXFrameworksBuildPhase;
			buildActionMask = 2147483647;
			files = (
			);
			runOnlyForDeploymentPostprocessing = 0;
		};
/* End PBXFrameworksBuildPhase section */

/* Begin PBXGroup section */
		B198FA4C1F6662630076EF4E = {
			isa = PBXGroup;
			children = (
				B198FA571F6662630076EF4E /* FinalPizza */,
				B198FA6C1F6662640076EF4E /* FinalPizzaTests */,
				B198FA771F6662640076EF4E /* FinalPizzaUITests */,
				B198FA561F6662630076EF4E /* Products */,
			);
			sourceTree = "<group>";
		};
		B198FA561F6662630076EF4E /* Products */ = {
			isa = PBXGroup;
			children = (
				B198FA551F6662630076EF4E /* FinalPizza.app */,
				B198FA691F6662640076EF4E /* FinalPizzaTests.xctest */,
				B198FA741F6662640076EF4E /* FinalPizzaUITests.xctest */,
			);
			name = Products;
			sourceTree = "<group>";
		};
		B198FA571F6662630076EF4E /* FinalPizza */ = {
			isa = PBXGroup;
			children = (
				B198FA581F6662630076EF4E /* AppDelegate.swift */,
				B198FA5C1F6662630076EF4E /* Main.storyboard */,
				B198FA5A1F6662630076EF4E /* ViewController.swift */,
				B198FA861F6662FC0076EF4E /* SecondViewController.swift */,
				B198FA8A1F66653B0076EF4E /* ThirdViewController.swift */,
				B198FA8C1F6672200076EF4E /* FourthViewController.swift */,
				B198FA8E1F6674A00076EF4E /* FifthViewController.swift */,
				B198FA901F6677A40076EF4E /* SixthViewController.swift */,
				B198FA921F66826A0076EF4E /* SeventhViewController.swift */,
				B198FA5F1F6662630076EF4E /* Assets.xcassets */,
				B198FA611F6662630076EF4E /* LaunchScreen.storyboard */,
				B198FA641F6662630076EF4E /* Info.plist */,
			);
			path = FinalPizza;
			sourceTree = "<group>";
		};
		B198FA6C1F6662640076EF4E /* FinalPizzaTests */ = {
			isa = PBXGroup;
			children = (
				B198FA6D1F6662640076EF4E /* FinalPizzaTests.swift */,
				B198FA6F1F6662640076EF4E /* Info.plist */,
			);
			path = FinalPizzaTests;
			sourceTree = "<group>";
		};
		B198FA771F6662640076EF4E /* FinalPizzaUITests */ = {
			isa = PBXGroup;
			children = (
				B198FA781F6662640076EF4E /* FinalPizzaUITests.swift */,
				B198FA7A1F6662640076EF4E /* Info.plist */,
			);
			path = FinalPizzaUITests;
			sourceTree = "<group>";
		};
/* End PBXGroup section */

/* Begin PBXNativeTarget section */
		B198FA541F6662630076EF4E /* FinalPizza */ = {
			isa = PBXNativeTarget;
			buildConfigurationList = B198FA7D1F6662640076EF4E /* Build configuration list for PBXNativeTarget "FinalPizza" */;
			buildPhases = (
				B198FA511F6662630076EF4E /* Sources */,
				B198FA521F6662630076EF4E /* Frameworks */,
				B198FA531F6662630076EF4E /* Resources */,
			);
			buildRules = (
			);
			dependencies = (
			);
			name = FinalPizza;
			productName = FinalPizza;
			productReference = B198FA551F6662630076EF4E /* FinalPizza.app */;
			productType = "com.apple.product-type.application";
		};
		B198FA681F6662640076EF4E /* FinalPizzaTests */ = {
			isa = PBXNativeTarget;
			buildConfigurationList = B198FA801F6662640076EF4E /* Build configuration list for PBXNativeTarget "FinalPizzaTests" */;
			buildPhases = (
				B198FA651F6662640076EF4E /* Sources */,
				B198FA661F6662640076EF4E /* Frameworks */,
				B198FA671F6662640076EF4E /* Resources */,
			);
			buildRules = (
			);
			dependencies = (
				B198FA6B1F6662640076EF4E /* PBXTargetDependency */,
			);
			name = FinalPizzaTests;
			productName = FinalPizzaTests;
			productReference = B198FA691F6662640076EF4E /* FinalPizzaTests.xctest */;
			productType = "com.apple.product-type.bundle.unit-test";
		};
		B198FA731F6662640076EF4E /* FinalPizzaUITests */ = {
			isa = PBXNativeTarget;
			buildConfigurationList = B198FA831F6662640076EF4E /* Build configuration list for PBXNativeTarget "FinalPizzaUITests" */;
			buildPhases = (
				B198FA701F6662640076EF4E /* Sources */,
				B198FA711F6662640076EF4E /* Frameworks */,
				B198FA721F6662640076EF4E /* Resources */,
			);
			buildRules = (
			);
			dependencies = (
				B198FA761F6662640076EF4E /* PBXTargetDependency */,
			);
			name = FinalPizzaUITests;
			productName = FinalPizzaUITests;
			productReference = B198FA741F6662640076EF4E /* FinalPizzaUITests.xctest */;
			productType = "com.apple.product-type.bundle.ui-testing";
		};
/* End PBXNativeTarget section */

/* Begin PBXProject section */
		B198FA4D1F6662630076EF4E /* Project object */ = {
			isa = PBXProject;
			attributes = {
				LastSwiftUpdateCheck = 0830;
				LastUpgradeCheck = 0830;
				ORGANIZATIONNAME = WM;
				TargetAttributes = {
					B198FA541F6662630076EF4E = {
						CreatedOnToolsVersion = 8.3.3;
						DevelopmentTeam = 4DZ2A29HD7;
						ProvisioningStyle = Automatic;
					};
					B198FA681F6662640076EF4E = {
						CreatedOnToolsVersion = 8.3.3;
						ProvisioningStyle = Automatic;
						TestTargetID = B198FA541F6662630076EF4E;
					};
					B198FA731F6662640076EF4E = {
						CreatedOnToolsVersion = 8.3.3;
						ProvisioningStyle = Automatic;
						TestTargetID = B198FA541F6662630076EF4E;
					};
				};
			};
			buildConfigurationList = B198FA501F6662630076EF4E /* Build configuration list for PBXProject "FinalPizza" */;
			compatibilityVersion = "Xcode 3.2";
			developmentRegion = English;
			hasScannedForEncodings = 0;
			knownRegions = (
				en,
				Base,
			);
			mainGroup = B198FA4C1F6662630076EF4E;
			productRefGroup = B198FA561F6662630076EF4E /* Products */;
			projectDirPath = "";
			projectRoot = "";
			targets = (
				B198FA541F6662630076EF4E /* FinalPizza */,
				B198FA681F6662640076EF4E /* FinalPizzaTests */,
				B198FA731F6662640076EF4E /* FinalPizzaUITests */,
			);
		};
/* End PBXProject section */

/* Begin PBXResourcesBuildPhase section */
		B198FA531F6662630076EF4E /* Resources */ = {
			isa = PBXResourcesBuildPhase;
			buildActionMask = 2147483647;
			files = (
				B198FA631F6662630076EF4E /* LaunchScreen.storyboard in Resources */,
				B198FA601F6662630076EF4E /* Assets.xcassets in Resources */,
				B198FA5E1F6662630076EF4E /* Main.storyboard in Resources */,
			);
			runOnlyForDeploymentPostprocessing = 0;
		};
		B198FA671F6662640076EF4E /* Resources */ = {
			isa = PBXResourcesBuildPhase;
			buildActionMask = 2147483647;
			files = (
			);
			runOnlyForDeploymentPostprocessing = 0;
		};
		B198FA721F6662640076EF4E /* Resources */ = {
			isa = PBXResourcesBuildPhase;
			buildActionMask = 2147483647;
			files = (
			);
			runOnlyForDeploymentPostprocessing = 0;
		};
/* End PBXResourcesBuildPhase section */

/* Begin PBXSourcesBuildPhase section */
		B198FA511F6662630076EF4E /* Sources */ = {
			isa = PBXSourcesBuildPhase;
			buildActionMask = 2147483647;
			files = (
				B198FA8F1F6674A00076EF4E /* FifthViewController.swift in Sources */,
				B198FA911F6677A40076EF4E /* SixthViewController.swift in Sources */,
				B198FA931F66826A0076EF4E /* SeventhViewController.swift in Sources */,
				B198FA871F6662FC0076EF4E /* SecondViewController.swift in Sources */,
				B198FA5B1F6662630076EF4E /* ViewController.swift in Sources */,
				B198FA8B1F66653B0076EF4E /* ThirdViewController.swift in Sources */,
				B198FA591F6662630076EF4E /* AppDelegate.swift in Sources */,
				B198FA8D1F6672200076EF4E /* FourthViewController.swift in Sources */,
			);
			runOnlyForDeploymentPostprocessing = 0;
		};
		B198FA651F6662640076EF4E /* Sources */ = {
			isa = PBXSourcesBuildPhase;
			buildActionMask = 2147483647;
			files = (
				B198FA6E1F6662640076EF4E /* FinalPizzaTests.swift in Sources */,
			);
			runOnlyForDeploymentPostprocessing = 0;
		};
		B198FA701F6662640076EF4E /* Sources */ = {
			isa = PBXSourcesBuildPhase;
			buildActionMask = 2147483647;
			files = (
				B198FA791F6662640076EF4E /* FinalPizzaUITests.swift in Sources */,
			);
			runOnlyForDeploymentPostprocessing = 0;
		};
/* End PBXSourcesBuildPhase section */

/* Begin PBXTargetDependency section */
		B198FA6B1F6662640076EF4E /* PBXTargetDependency */ = {
			isa = PBXTargetDependency;
			target = B198FA541F6662630076EF4E /* FinalPizza */;
			targetProxy = B198FA6A1F6662640076EF4E /* PBXContainerItemProxy */;
		};
		B198FA761F6662640076EF4E /* PBXTargetDependency */ = {
			isa = PBXTargetDependency;
			target = B198FA541F6662630076EF4E /* FinalPizza */;
			targetProxy = B198FA751F6662640076EF4E /* PBXContainerItemProxy */;
		};
/* End PBXTargetDependency section */

/* Begin PBXVariantGroup section */
		B198FA5C1F6662630076EF4E /* Main.storyboard */ = {
			isa = PBXVariantGroup;
			children = (
				B198FA5D1F6662630076EF4E /* Base */,
			);
			name = Main.storyboard;
			sourceTree = "<group>";
		};
		B198FA611F6662630076EF4E /* LaunchScreen.storyboard */ = {
			isa = PBXVariantGroup;
			children = (
				B198FA621F6662630076EF4E /* Base */,
			);
			name = LaunchScreen.storyboard;
			sourceTree = "<group>";
		};
/* End PBXVariantGroup section */

/* Begin XCBuildConfiguration section */
		B198FA7B1F6662640076EF4E /* Debug */ = {
			isa = XCBuildConfiguration;
			buildSettings = {
				ALWAYS_SEARCH_USER_PATHS = NO;
				CLANG_ANALYZER_NONNULL = YES;
				CLANG_ANALYZER_NUMBER_OBJECT_CONVERSION = YES_AGGRESSIVE;
				CLANG_CXX_LANGUAGE_STANDARD = "gnu++0x";
				CLANG_CXX_LIBRARY = "libc++";
				CLANG_ENABLE_MODULES = YES;
				CLANG_ENABLE_OBJC_ARC = YES;
				CLANG_WARN_BOOL_CONVERSION = YES;
				CLANG_WARN_CONSTANT_CONVERSION = YES;
				CLANG_WARN_DIRECT_OBJC_ISA_USAGE = YES_ERROR;
				CLANG_WARN_DOCUMENTATION_COMMENTS = YES;
				CLANG_WARN_EMPTY_BODY = YES;
				CLANG_WARN_ENUM_CONVERSION = YES;
				CLANG_WARN_INFINITE_RECURSION = YES;
				CLANG_WARN_INT_CONVERSION = YES;
				CLANG_WARN_OBJC_ROOT_CLASS = YES_ERROR;
				CLANG_WARN_SUSPICIOUS_MOVE = YES;
				CLANG_WARN_UNREACHABLE_CODE = YES;
				CLANG_WARN__DUPLICATE_METHOD_MATCH = YES;
				"CODE_SIGN_IDENTITY[sdk=iphoneos*]" = "iPhone Developer";
				COPY_PHASE_STRIP = NO;
				DEBUG_INFORMATION_FORMAT = dwarf;
				ENABLE_STRICT_OBJC_MSGSEND = YES;
				ENABLE_TESTABILITY = YES;
				GCC_C_LANGUAGE_STANDARD = gnu99;
				GCC_DYNAMIC_NO_PIC = NO;
				GCC_NO_COMMON_BLOCKS = YES;
				GCC_OPTIMIZATION_LEVEL = 0;
				GCC_PREPROCESSOR_DEFINITIONS = (
					"DEBUG=1",
					"$(inherited)",
				);
				GCC_WARN_64_TO_32_BIT_CONVERSION = YES;
				GCC_WARN_ABOUT_RETURN_TYPE = YES_ERROR;
				GCC_WARN_UNDECLARED_SELECTOR = YES;
				GCC_WARN_UNINITIALIZED_AUTOS = YES_AGGRESSIVE;
				GCC_WARN_UNUSED_FUNCTION = YES;
				GCC_WARN_UNUSED_VARIABLE = YES;
				IPHONEOS_DEPLOYMENT_TARGET = 10.3;
				MTL_ENABLE_DEBUG_INFO = YES;
				ONLY_ACTIVE_ARCH = YES;
				SDKROOT = iphoneos;
				SWIFT_ACTIVE_COMPILATION_CONDITIONS = DEBUG;
				SWIFT_OPTIMIZATION_LEVEL = "-Onone";
			};
			name = Debug;
		};
		B198FA7C1F6662640076EF4E /* Release */ = {
			isa = XCBuildConfiguration;
			buildSettings = {
				ALWAYS_SEARCH_USER_PATHS = NO;
				CLANG_ANALYZER_NONNULL = YES;
				CLANG_ANALYZER_NUMBER_OBJECT_CONVERSION = YES_AGGRESSIVE;
				CLANG_CXX_LANGUAGE_STANDARD = "gnu++0x";
				CLANG_CXX_LIBRARY = "libc++";
				CLANG_ENABLE_MODULES = YES;
				CLANG_ENABLE_OBJC_ARC = YES;
				CLANG_WARN_BOOL_CONVERSION = YES;
				CLANG_WARN_CONSTANT_CONVERSION = YES;
				CLANG_WARN_DIRECT_OBJC_ISA_USAGE = YES_ERROR;
				CLANG_WARN_DOCUMENTATION_COMMENTS = YES;
				CLANG_WARN_EMPTY_BODY = YES;
				CLANG_WARN_ENUM_CONVERSION = YES;
				CLANG_WARN_INFINITE_RECURSION = YES;
				CLANG_WARN_INT_CONVERSION = YES;
				CLANG_WARN_OBJC_ROOT_CLASS = YES_ERROR;
				CLANG_WARN_SUSPICIOUS_MOVE = YES;
				CLANG_WARN_UNREACHABLE_CODE = YES;
				CLANG_WARN__DUPLICATE_METHOD_MATCH = YES;
				"CODE_SIGN_IDENTITY[sdk=iphoneos*]" = "iPhone Developer";
				COPY_PHASE_STRIP = NO;
				DEBUG_INFORMATION_FORMAT = "dwarf-with-dsym";
				ENABLE_NS_ASSERTIONS = NO;
				ENABLE_STRICT_OBJC_MSGSEND = YES;
				GCC_C_LANGUAGE_STANDARD = gnu99;
				GCC_NO_COMMON_BLOCKS = YES;
				GCC_WARN_64_TO_32_BIT_CONVERSION = YES;
				GCC_WARN_ABOUT_RETURN_TYPE = YES_ERROR;
				GCC_WARN_UNDECLARED_SELECTOR = YES;
				GCC_WARN_UNINITIALIZED_AUTOS = YES_AGGRESSIVE;
				GCC_WARN_UNUSED_FUNCTION = YES;
				GCC_WARN_UNUSED_VARIABLE = YES;
				IPHONEOS_DEPLOYMENT_TARGET = 10.3;
				MTL_ENABLE_DEBUG_INFO = NO;
				SDKROOT = iphoneos;
				SWIFT_OPTIMIZATION_LEVEL = "-Owholemodule";
				VALIDATE_PRODUCT = YES;
			};
			name = Release;
		};
		B198FA7E1F6662640076EF4E /* Debug */ = {
			isa = XCBuildConfiguration;
			buildSettings = {
				ASSETCATALOG_COMPILER_APPICON_NAME = AppIcon;
				"CODE_SIGN_IDENTITY[sdk=iphoneos*]" = "iPhone Developer";
				DEVELOPMENT_TEAM = 4DZ2A29HD7;
				INFOPLIST_FILE = FinalPizza/Info.plist;
				LD_RUNPATH_SEARCH_PATHS = "$(inherited) @executable_path/Frameworks";
				PRODUCT_BUNDLE_IDENTIFIER = com.org.WesleyMorlock;
				PRODUCT_NAME = "$(TARGET_NAME)";
				PROVISIONING_PROFILE = "";
				PROVISIONING_PROFILE_SPECIFIER = "";
				SWIFT_VERSION = 3.0;
			};
			name = Debug;
		};
		B198FA7F1F6662640076EF4E /* Release */ = {
			isa = XCBuildConfiguration;
			buildSettings = {
				ASSETCATALOG_COMPILER_APPICON_NAME = AppIcon;
				"CODE_SIGN_IDENTITY[sdk=iphoneos*]" = "iPhone Developer";
				DEVELOPMENT_TEAM = 4DZ2A29HD7;
				INFOPLIST_FILE = FinalPizza/Info.plist;
				LD_RUNPATH_SEARCH_PATHS = "$(inherited) @executable_path/Frameworks";
				PRODUCT_BUNDLE_IDENTIFIER = com.org.WesleyMorlock;
				PRODUCT_NAME = "$(TARGET_NAME)";
				PROVISIONING_PROFILE = "";
				PROVISIONING_PROFILE_SPECIFIER = "";
				SWIFT_VERSION = 3.0;
			};
			name = Release;
		};
		B198FA811F6662640076EF4E /* Debug */ = {
			isa = XCBuildConfiguration;
			buildSettings = {
				ALWAYS_EMBED_SWIFT_STANDARD_LIBRARIES = YES;
				BUNDLE_LOADER = "$(TEST_HOST)";
				INFOPLIST_FILE = FinalPizzaTests/Info.plist;
				LD_RUNPATH_SEARCH_PATHS = "$(inherited) @executable_path/Frameworks @loader_path/Frameworks";
				PRODUCT_BUNDLE_IDENTIFIER = "Wesley-Morlock-Apps.FinalPizzaTests";
				PRODUCT_NAME = "$(TARGET_NAME)";
				SWIFT_VERSION = 3.0;
				TEST_HOST = "$(BUILT_PRODUCTS_DIR)/FinalPizza.app/FinalPizza";
			};
			name = Debug;
		};
		B198FA821F6662640076EF4E /* Release */ = {
			isa = XCBuildConfiguration;
			buildSettings = {
				ALWAYS_EMBED_SWIFT_STANDARD_LIBRARIES = YES;
				BUNDLE_LOADER = "$(TEST_HOST)";
				INFOPLIST_FILE = FinalPizzaTests/Info.plist;
				LD_RUNPATH_SEARCH_PATHS = "$(inherited) @executable_path/Frameworks @loader_path/Frameworks";
				PRODUCT_BUNDLE_IDENTIFIER = "Wesley-Morlock-Apps.FinalPizzaTests";
				PRODUCT_NAME = "$(TARGET_NAME)";
				SWIFT_VERSION = 3.0;
				TEST_HOST = "$(BUILT_PRODUCTS_DIR)/FinalPizza.app/FinalPizza";
			};
			name = Release;
		};
		B198FA841F6662640076EF4E /* Debug */ = {
			isa = XCBuildConfiguration;
			buildSettings = {
				ALWAYS_EMBED_SWIFT_STANDARD_LIBRARIES = YES;
				INFOPLIST_FILE = FinalPizzaUITests/Info.plist;
				LD_RUNPATH_SEARCH_PATHS = "$(inherited) @executable_path/Frameworks @loader_path/Frameworks";
				PRODUCT_BUNDLE_IDENTIFIER = "Wesley-Morlock-Apps.FinalPizzaUITests";
				PRODUCT_NAME = "$(TARGET_NAME)";
				SWIFT_VERSION = 3.0;
				TEST_TARGET_NAME = FinalPizza;
			};
			name = Debug;
		};
		B198FA851F6662640076EF4E /* Release */ = {
			isa = XCBuildConfiguration;
			buildSettings = {
				ALWAYS_EMBED_SWIFT_STANDARD_LIBRARIES = YES;
				INFOPLIST_FILE = FinalPizzaUITests/Info.plist;
				LD_RUNPATH_SEARCH_PATHS = "$(inherited) @executable_path/Frameworks @loader_path/Frameworks";
				PRODUCT_BUNDLE_IDENTIFIER = "Wesley-Morlock-Apps.FinalPizzaUITests";
				PRODUCT_NAME = "$(TARGET_NAME)";
				SWIFT_VERSION = 3.0;
				TEST_TARGET_NAME = FinalPizza;
			};
			name = Release;
		};
/* End XCBuildConfiguration section */

/* Begin XCConfigurationList section */
		B198FA501F6662630076EF4E /* Build configuration list for PBXProject "FinalPizza" */ = {
			isa = XCConfigurationList;
			buildConfigurations = (
				B198FA7B1F6662640076EF4E /* Debug */,
				B198FA7C1F6662640076EF4E /* Release */,
			);
			defaultConfigurationIsVisible = 0;
			defaultConfigurationName = Release;
		};
		B198FA7D1F6662640076EF4E /* Build configuration list for PBXNativeTarget "FinalPizza" */ = {
			isa = XCConfigurationList;
			buildConfigurations = (
				B198FA7E1F6662640076EF4E /* Debug */,
				B198FA7F1F6662640076EF4E /* Release */,
			);
			defaultConfigurationIsVisible = 0;
		};
		B198FA801F6662640076EF4E /* Build configuration list for PBXNativeTarget "FinalPizzaTests" */ = {
			isa = XCConfigurationList;
			buildConfigurations = (
				B198FA811F6662640076EF4E /* Debug */,
				B198FA821F6662640076EF4E /* Release */,
			);
			defaultConfigurationIsVisible = 0;
		};
		B198FA831F6662640076EF4E /* Build configuration list for PBXNativeTarget "FinalPizzaUITests" */ = {
			isa = XCConfigurationList;
			buildConfigurations = (
				B198FA841F6662640076EF4E /* Debug */,
				B198FA851F6662640076EF4E /* Release */,
			);
			defaultConfigurationIsVisible = 0;
		};
/* End XCConfigurationList section */
	};
	rootObject = B198FA4D1F6662630076EF4E /* Project object */;
}
